// !$*UTF8*$!
{
	archiveVersion = 1;
	classes = {
	};
	objectVersion = 55;
	objects = {

/* Begin PBXBuildFile section */
		EB0C5FF0291A974D00E2C025 /* Offer.m in Sources */ = {isa = PBXBuildFile; fileRef = EB0C5FEF291A974D00E2C025 /* Offer.m */; };
		EB0C5FF4291A9D9A00E2C025 /* ListViewController.m in Sources */ = {isa = PBXBuildFile; fileRef = EB0C5FF3291A9D9A00E2C025 /* ListViewController.m */; };
		EB0C5FF7291AA27500E2C025 /* OfferTableViewCell.m in Sources */ = {isa = PBXBuildFile; fileRef = EB0C5FF6291AA27500E2C025 /* OfferTableViewCell.m */; };
		EB0C6000291B073900E2C025 /* SHA1Helper.m in Sources */ = {isa = PBXBuildFile; fileRef = EB0C5FFF291B073900E2C025 /* SHA1Helper.m */; };
		EB0C6003291B091E00E2C025 /* RemoteFeedLoader.m in Sources */ = {isa = PBXBuildFile; fileRef = EB0C6002291B091E00E2C025 /* RemoteFeedLoader.m */; };
		EB0C6006291B0CD000E2C025 /* DeviceInfoHelper.m in Sources */ = {isa = PBXBuildFile; fileRef = EB0C6005291B0CD000E2C025 /* DeviceInfoHelper.m */; };
		EB0C6009291B105500E2C025 /* AdvertisingInfoHelper.m in Sources */ = {isa = PBXBuildFile; fileRef = EB0C6008291B105500E2C025 /* AdvertisingInfoHelper.m */; };
		EB0C6011291B30AD00E2C025 /* HTTPClient.m in Sources */ = {isa = PBXBuildFile; fileRef = EB0C6010291B30AD00E2C025 /* HTTPClient.m */; };
		EB0C6014291BCCDF00E2C025 /* URLProvider.m in Sources */ = {isa = PBXBuildFile; fileRef = EB0C6013291BCCDF00E2C025 /* URLProvider.m */; };
		EB0C601A291BD60100E2C025 /* HTTPClientSpy.m in Sources */ = {isa = PBXBuildFile; fileRef = EB0C6019291BD60100E2C025 /* HTTPClientSpy.m */; };
		EBB09AA72913ED8B00A32275 /* AppDelegate.m in Sources */ = {isa = PBXBuildFile; fileRef = EBB09AA62913ED8B00A32275 /* AppDelegate.m */; };
		EBB09AAA2913ED8B00A32275 /* SceneDelegate.m in Sources */ = {isa = PBXBuildFile; fileRef = EBB09AA92913ED8B00A32275 /* SceneDelegate.m */; };
		EBB09AB22913ED8C00A32275 /* Assets.xcassets in Resources */ = {isa = PBXBuildFile; fileRef = EBB09AB12913ED8C00A32275 /* Assets.xcassets */; };
		EBB09AB52913ED8C00A32275 /* LaunchScreen.storyboard in Resources */ = {isa = PBXBuildFile; fileRef = EBB09AB32913ED8C00A32275 /* LaunchScreen.storyboard */; };
		EBB09AB82913ED8C00A32275 /* main.m in Sources */ = {isa = PBXBuildFile; fileRef = EBB09AB72913ED8C00A32275 /* main.m */; };
		EBB09AC22913ED8C00A32275 /* Kai_Ping_Tseng_DigitalTurbine_TaskTests.m in Sources */ = {isa = PBXBuildFile; fileRef = EBB09AC12913ED8C00A32275 /* Kai_Ping_Tseng_DigitalTurbine_TaskTests.m */; };
		EBB09ACC2913ED8C00A32275 /* Kai_Ping_Tseng_DigitalTurbine_TaskUITests.m in Sources */ = {isa = PBXBuildFile; fileRef = EBB09ACB2913ED8C00A32275 /* Kai_Ping_Tseng_DigitalTurbine_TaskUITests.m */; };
		EBB09ACE2913ED8C00A32275 /* Kai_Ping_Tseng_DigitalTurbine_TaskUITestsLaunchTests.m in Sources */ = {isa = PBXBuildFile; fileRef = EBB09ACD2913ED8C00A32275 /* Kai_Ping_Tseng_DigitalTurbine_TaskUITestsLaunchTests.m */; };
		EBB09ADE2914107400A32275 /* MainViewController.m in Sources */ = {isa = PBXBuildFile; fileRef = EBB09ADD2914107400A32275 /* MainViewController.m */; };
/* End PBXBuildFile section */

/* Begin PBXContainerItemProxy section */
		EBB09ABE2913ED8C00A32275 /* PBXContainerItemProxy */ = {
			isa = PBXContainerItemProxy;
			containerPortal = EBB09A9A2913ED8B00A32275 /* Project object */;
			proxyType = 1;
			remoteGlobalIDString = EBB09AA12913ED8B00A32275;
			remoteInfo = "Kai-Ping-Tseng_DigitalTurbine_Task";
		};
		EBB09AC82913ED8C00A32275 /* PBXContainerItemProxy */ = {
			isa = PBXContainerItemProxy;
			containerPortal = EBB09A9A2913ED8B00A32275 /* Project object */;
			proxyType = 1;
			remoteGlobalIDString = EBB09AA12913ED8B00A32275;
			remoteInfo = "Kai-Ping-Tseng_DigitalTurbine_Task";
		};
/* End PBXContainerItemProxy section */

/* Begin PBXFileReference section */
		EB0C5FEE291A974D00E2C025 /* Offer.h */ = {isa = PBXFileReference; lastKnownFileType = sourcecode.c.h; path = Offer.h; sourceTree = "<group>"; };
		EB0C5FEF291A974D00E2C025 /* Offer.m */ = {isa = PBXFileReference; lastKnownFileType = sourcecode.c.objc; path = Offer.m; sourceTree = "<group>"; };
		EB0C5FF2291A9D9A00E2C025 /* ListViewController.h */ = {isa = PBXFileReference; lastKnownFileType = sourcecode.c.h; path = ListViewController.h; sourceTree = "<group>"; };
		EB0C5FF3291A9D9A00E2C025 /* ListViewController.m */ = {isa = PBXFileReference; lastKnownFileType = sourcecode.c.objc; path = ListViewController.m; sourceTree = "<group>"; };
		EB0C5FF5291AA27500E2C025 /* OfferTableViewCell.h */ = {isa = PBXFileReference; lastKnownFileType = sourcecode.c.h; path = OfferTableViewCell.h; sourceTree = "<group>"; };
		EB0C5FF6291AA27500E2C025 /* OfferTableViewCell.m */ = {isa = PBXFileReference; lastKnownFileType = sourcecode.c.objc; path = OfferTableViewCell.m; sourceTree = "<group>"; };
		EB0C5FFE291B073900E2C025 /* SHA1Helper.h */ = {isa = PBXFileReference; lastKnownFileType = sourcecode.c.h; path = SHA1Helper.h; sourceTree = "<group>"; };
		EB0C5FFF291B073900E2C025 /* SHA1Helper.m */ = {isa = PBXFileReference; lastKnownFileType = sourcecode.c.objc; path = SHA1Helper.m; sourceTree = "<group>"; };
		EB0C6001291B091E00E2C025 /* RemoteFeedLoader.h */ = {isa = PBXFileReference; lastKnownFileType = sourcecode.c.h; path = RemoteFeedLoader.h; sourceTree = "<group>"; };
		EB0C6002291B091E00E2C025 /* RemoteFeedLoader.m */ = {isa = PBXFileReference; lastKnownFileType = sourcecode.c.objc; path = RemoteFeedLoader.m; sourceTree = "<group>"; };
		EB0C6004291B0CD000E2C025 /* DeviceInfoHelper.h */ = {isa = PBXFileReference; lastKnownFileType = sourcecode.c.h; path = DeviceInfoHelper.h; sourceTree = "<group>"; };
		EB0C6005291B0CD000E2C025 /* DeviceInfoHelper.m */ = {isa = PBXFileReference; lastKnownFileType = sourcecode.c.objc; path = DeviceInfoHelper.m; sourceTree = "<group>"; };
		EB0C6007291B105500E2C025 /* AdvertisingInfoHelper.h */ = {isa = PBXFileReference; lastKnownFileType = sourcecode.c.h; path = AdvertisingInfoHelper.h; sourceTree = "<group>"; };
		EB0C6008291B105500E2C025 /* AdvertisingInfoHelper.m */ = {isa = PBXFileReference; lastKnownFileType = sourcecode.c.objc; path = AdvertisingInfoHelper.m; sourceTree = "<group>"; };
		EB0C600F291B30AD00E2C025 /* HTTPClient.h */ = {isa = PBXFileReference; lastKnownFileType = sourcecode.c.h; path = HTTPClient.h; sourceTree = "<group>"; };
		EB0C6010291B30AD00E2C025 /* HTTPClient.m */ = {isa = PBXFileReference; lastKnownFileType = sourcecode.c.objc; path = HTTPClient.m; sourceTree = "<group>"; };
		EB0C6012291BCCDF00E2C025 /* URLProvider.h */ = {isa = PBXFileReference; lastKnownFileType = sourcecode.c.h; path = URLProvider.h; sourceTree = "<group>"; };
		EB0C6013291BCCDF00E2C025 /* URLProvider.m */ = {isa = PBXFileReference; lastKnownFileType = sourcecode.c.objc; path = URLProvider.m; sourceTree = "<group>"; };
		EB0C6018291BD60100E2C025 /* HTTPClientSpy.h */ = {isa = PBXFileReference; lastKnownFileType = sourcecode.c.h; path = HTTPClientSpy.h; sourceTree = "<group>"; };
		EB0C6019291BD60100E2C025 /* HTTPClientSpy.m */ = {isa = PBXFileReference; lastKnownFileType = sourcecode.c.objc; path = HTTPClientSpy.m; sourceTree = "<group>"; };
		EBB09AA22913ED8B00A32275 /* Kai-Ping-Tseng_DigitalTurbine_Task.app */ = {isa = PBXFileReference; explicitFileType = wrapper.application; includeInIndex = 0; path = "Kai-Ping-Tseng_DigitalTurbine_Task.app"; sourceTree = BUILT_PRODUCTS_DIR; };
		EBB09AA52913ED8B00A32275 /* AppDelegate.h */ = {isa = PBXFileReference; lastKnownFileType = sourcecode.c.h; path = AppDelegate.h; sourceTree = "<group>"; };
		EBB09AA62913ED8B00A32275 /* AppDelegate.m */ = {isa = PBXFileReference; lastKnownFileType = sourcecode.c.objc; path = AppDelegate.m; sourceTree = "<group>"; };
		EBB09AA82913ED8B00A32275 /* SceneDelegate.h */ = {isa = PBXFileReference; lastKnownFileType = sourcecode.c.h; path = SceneDelegate.h; sourceTree = "<group>"; };
		EBB09AA92913ED8B00A32275 /* SceneDelegate.m */ = {isa = PBXFileReference; lastKnownFileType = sourcecode.c.objc; path = SceneDelegate.m; sourceTree = "<group>"; };
		EBB09AB12913ED8C00A32275 /* Assets.xcassets */ = {isa = PBXFileReference; lastKnownFileType = folder.assetcatalog; path = Assets.xcassets; sourceTree = "<group>"; };
		EBB09AB42913ED8C00A32275 /* Base */ = {isa = PBXFileReference; lastKnownFileType = file.storyboard; name = Base; path = Base.lproj/LaunchScreen.storyboard; sourceTree = "<group>"; };
		EBB09AB62913ED8C00A32275 /* Info.plist */ = {isa = PBXFileReference; lastKnownFileType = text.plist.xml; path = Info.plist; sourceTree = "<group>"; };
		EBB09AB72913ED8C00A32275 /* main.m */ = {isa = PBXFileReference; lastKnownFileType = sourcecode.c.objc; path = main.m; sourceTree = "<group>"; };
		EBB09ABD2913ED8C00A32275 /* Kai-Ping-Tseng_DigitalTurbine_TaskTests.xctest */ = {isa = PBXFileReference; explicitFileType = wrapper.cfbundle; includeInIndex = 0; path = "Kai-Ping-Tseng_DigitalTurbine_TaskTests.xctest"; sourceTree = BUILT_PRODUCTS_DIR; };
		EBB09AC12913ED8C00A32275 /* Kai_Ping_Tseng_DigitalTurbine_TaskTests.m */ = {isa = PBXFileReference; lastKnownFileType = sourcecode.c.objc; path = Kai_Ping_Tseng_DigitalTurbine_TaskTests.m; sourceTree = "<group>"; };
		EBB09AC72913ED8C00A32275 /* Kai-Ping-Tseng_DigitalTurbine_TaskUITests.xctest */ = {isa = PBXFileReference; explicitFileType = wrapper.cfbundle; includeInIndex = 0; path = "Kai-Ping-Tseng_DigitalTurbine_TaskUITests.xctest"; sourceTree = BUILT_PRODUCTS_DIR; };
		EBB09ACB2913ED8C00A32275 /* Kai_Ping_Tseng_DigitalTurbine_TaskUITests.m */ = {isa = PBXFileReference; lastKnownFileType = sourcecode.c.objc; path = Kai_Ping_Tseng_DigitalTurbine_TaskUITests.m; sourceTree = "<group>"; };
		EBB09ACD2913ED8C00A32275 /* Kai_Ping_Tseng_DigitalTurbine_TaskUITestsLaunchTests.m */ = {isa = PBXFileReference; lastKnownFileType = sourcecode.c.objc; path = Kai_Ping_Tseng_DigitalTurbine_TaskUITestsLaunchTests.m; sourceTree = "<group>"; };
		EBB09ADC2914107400A32275 /* MainViewController.h */ = {isa = PBXFileReference; lastKnownFileType = sourcecode.c.h; path = MainViewController.h; sourceTree = "<group>"; };
		EBB09ADD2914107400A32275 /* MainViewController.m */ = {isa = PBXFileReference; lastKnownFileType = sourcecode.c.objc; path = MainViewController.m; sourceTree = "<group>"; };
/* End PBXFileReference section */

/* Begin PBXFrameworksBuildPhase section */
		EBB09A9F2913ED8B00A32275 /* Frameworks */ = {
			isa = PBXFrameworksBuildPhase;
			buildActionMask = 2147483647;
			files = (
			);
			runOnlyForDeploymentPostprocessing = 0;
		};
		EBB09ABA2913ED8C00A32275 /* Frameworks */ = {
			isa = PBXFrameworksBuildPhase;
			buildActionMask = 2147483647;
			files = (
			);
			runOnlyForDeploymentPostprocessing = 0;
		};
		EBB09AC42913ED8C00A32275 /* Frameworks */ = {
			isa = PBXFrameworksBuildPhase;
			buildActionMask = 2147483647;
			files = (
			);
			runOnlyForDeploymentPostprocessing = 0;
		};
/* End PBXFrameworksBuildPhase section */

/* Begin PBXGroup section */
		EB0C5FF8291B041A00E2C025 /* Model */ = {
			isa = PBXGroup;
			children = (
				EB0C5FEE291A974D00E2C025 /* Offer.h */,
				EB0C5FEF291A974D00E2C025 /* Offer.m */,
			);
			path = Model;
			sourceTree = "<group>";
		};
		EB0C5FF9291B043800E2C025 /* View */ = {
			isa = PBXGroup;
			children = (
				EB0C5FF5291AA27500E2C025 /* OfferTableViewCell.h */,
				EB0C5FF6291AA27500E2C025 /* OfferTableViewCell.m */,
			);
			path = View;
			sourceTree = "<group>";
		};
		EB0C5FFA291B045600E2C025 /* Controller */ = {
			isa = PBXGroup;
			children = (
				EBB09ADC2914107400A32275 /* MainViewController.h */,
				EBB09ADD2914107400A32275 /* MainViewController.m */,
				EB0C5FF2291A9D9A00E2C025 /* ListViewController.h */,
				EB0C5FF3291A9D9A00E2C025 /* ListViewController.m */,
			);
			path = Controller;
			sourceTree = "<group>";
		};
		EB0C5FFB291B05B800E2C025 /* Utility */ = {
			isa = PBXGroup;
			children = (
				EB0C600A291B11AC00E2C025 /* Helpers */,
				EB0C600E291B304700E2C025 /* API */,
			);
			path = Utility;
			sourceTree = "<group>";
		};
		EB0C600A291B11AC00E2C025 /* Helpers */ = {
			isa = PBXGroup;
			children = (
				EB0C5FFE291B073900E2C025 /* SHA1Helper.h */,
				EB0C5FFF291B073900E2C025 /* SHA1Helper.m */,
				EB0C6004291B0CD000E2C025 /* DeviceInfoHelper.h */,
				EB0C6005291B0CD000E2C025 /* DeviceInfoHelper.m */,
				EB0C6007291B105500E2C025 /* AdvertisingInfoHelper.h */,
				EB0C6008291B105500E2C025 /* AdvertisingInfoHelper.m */,
				EB0C6012291BCCDF00E2C025 /* URLProvider.h */,
				EB0C6013291BCCDF00E2C025 /* URLProvider.m */,
			);
			path = Helpers;
			sourceTree = "<group>";
		};
		EB0C600E291B304700E2C025 /* API */ = {
			isa = PBXGroup;
			children = (
				EB0C6001291B091E00E2C025 /* RemoteFeedLoader.h */,
				EB0C6002291B091E00E2C025 /* RemoteFeedLoader.m */,
				EB0C600F291B30AD00E2C025 /* HTTPClient.h */,
				EB0C6010291B30AD00E2C025 /* HTTPClient.m */,
			);
			path = API;
			sourceTree = "<group>";
		};
		EBB09A992913ED8B00A32275 = {
			isa = PBXGroup;
			children = (
				EBB09AA42913ED8B00A32275 /* Kai-Ping-Tseng_DigitalTurbine_Task */,
				EBB09AC02913ED8C00A32275 /* Kai-Ping-Tseng_DigitalTurbine_TaskTests */,
				EBB09ACA2913ED8C00A32275 /* Kai-Ping-Tseng_DigitalTurbine_TaskUITests */,
				EBB09AA32913ED8B00A32275 /* Products */,
			);
			sourceTree = "<group>";
		};
		EBB09AA32913ED8B00A32275 /* Products */ = {
			isa = PBXGroup;
			children = (
				EBB09AA22913ED8B00A32275 /* Kai-Ping-Tseng_DigitalTurbine_Task.app */,
				EBB09ABD2913ED8C00A32275 /* Kai-Ping-Tseng_DigitalTurbine_TaskTests.xctest */,
				EBB09AC72913ED8C00A32275 /* Kai-Ping-Tseng_DigitalTurbine_TaskUITests.xctest */,
			);
			name = Products;
			sourceTree = "<group>";
		};
		EBB09AA42913ED8B00A32275 /* Kai-Ping-Tseng_DigitalTurbine_Task */ = {
			isa = PBXGroup;
			children = (
				EB0C5FF8291B041A00E2C025 /* Model */,
				EB0C5FF9291B043800E2C025 /* View */,
				EB0C5FFA291B045600E2C025 /* Controller */,
				EB0C5FFB291B05B800E2C025 /* Utility */,
				EBB09AA52913ED8B00A32275 /* AppDelegate.h */,
				EBB09AA62913ED8B00A32275 /* AppDelegate.m */,
				EBB09AA82913ED8B00A32275 /* SceneDelegate.h */,
				EBB09AA92913ED8B00A32275 /* SceneDelegate.m */,
				EBB09AB12913ED8C00A32275 /* Assets.xcassets */,
				EBB09AB32913ED8C00A32275 /* LaunchScreen.storyboard */,
				EBB09AB62913ED8C00A32275 /* Info.plist */,
				EBB09AB72913ED8C00A32275 /* main.m */,
			);
			path = "Kai-Ping-Tseng_DigitalTurbine_Task";
			sourceTree = "<group>";
		};
		EBB09AC02913ED8C00A32275 /* Kai-Ping-Tseng_DigitalTurbine_TaskTests */ = {
			isa = PBXGroup;
			children = (
				EBB09AC12913ED8C00A32275 /* Kai_Ping_Tseng_DigitalTurbine_TaskTests.m */,
				EB0C6018291BD60100E2C025 /* HTTPClientSpy.h */,
				EB0C6019291BD60100E2C025 /* HTTPClientSpy.m */,
			);
			path = "Kai-Ping-Tseng_DigitalTurbine_TaskTests";
			sourceTree = "<group>";
		};
		EBB09ACA2913ED8C00A32275 /* Kai-Ping-Tseng_DigitalTurbine_TaskUITests */ = {
			isa = PBXGroup;
			children = (
				EBB09ACB2913ED8C00A32275 /* Kai_Ping_Tseng_DigitalTurbine_TaskUITests.m */,
				EBB09ACD2913ED8C00A32275 /* Kai_Ping_Tseng_DigitalTurbine_TaskUITestsLaunchTests.m */,
			);
			path = "Kai-Ping-Tseng_DigitalTurbine_TaskUITests";
			sourceTree = "<group>";
		};
/* End PBXGroup section */

/* Begin PBXNativeTarget section */
		EBB09AA12913ED8B00A32275 /* Kai-Ping-Tseng_DigitalTurbine_Task */ = {
			isa = PBXNativeTarget;
			buildConfigurationList = EBB09AD12913ED8C00A32275 /* Build configuration list for PBXNativeTarget "Kai-Ping-Tseng_DigitalTurbine_Task" */;
			buildPhases = (
				EBB09A9E2913ED8B00A32275 /* Sources */,
				EBB09A9F2913ED8B00A32275 /* Frameworks */,
				EBB09AA02913ED8B00A32275 /* Resources */,
			);
			buildRules = (
			);
			dependencies = (
			);
			name = "Kai-Ping-Tseng_DigitalTurbine_Task";
			productName = "Kai-Ping-Tseng_DigitalTurbine_Task";
			productReference = EBB09AA22913ED8B00A32275 /* Kai-Ping-Tseng_DigitalTurbine_Task.app */;
			productType = "com.apple.product-type.application";
		};
		EBB09ABC2913ED8C00A32275 /* Kai-Ping-Tseng_DigitalTurbine_TaskTests */ = {
			isa = PBXNativeTarget;
			buildConfigurationList = EBB09AD42913ED8C00A32275 /* Build configuration list for PBXNativeTarget "Kai-Ping-Tseng_DigitalTurbine_TaskTests" */;
			buildPhases = (
				EBB09AB92913ED8C00A32275 /* Sources */,
				EBB09ABA2913ED8C00A32275 /* Frameworks */,
				EBB09ABB2913ED8C00A32275 /* Resources */,
			);
			buildRules = (
			);
			dependencies = (
				EBB09ABF2913ED8C00A32275 /* PBXTargetDependency */,
			);
			name = "Kai-Ping-Tseng_DigitalTurbine_TaskTests";
			productName = "Kai-Ping-Tseng_DigitalTurbine_TaskTests";
			productReference = EBB09ABD2913ED8C00A32275 /* Kai-Ping-Tseng_DigitalTurbine_TaskTests.xctest */;
			productType = "com.apple.product-type.bundle.unit-test";
		};
		EBB09AC62913ED8C00A32275 /* Kai-Ping-Tseng_DigitalTurbine_TaskUITests */ = {
			isa = PBXNativeTarget;
			buildConfigurationList = EBB09AD72913ED8C00A32275 /* Build configuration list for PBXNativeTarget "Kai-Ping-Tseng_DigitalTurbine_TaskUITests" */;
			buildPhases = (
				EBB09AC32913ED8C00A32275 /* Sources */,
				EBB09AC42913ED8C00A32275 /* Frameworks */,
				EBB09AC52913ED8C00A32275 /* Resources */,
			);
			buildRules = (
			);
			dependencies = (
				EBB09AC92913ED8C00A32275 /* PBXTargetDependency */,
			);
			name = "Kai-Ping-Tseng_DigitalTurbine_TaskUITests";
			productName = "Kai-Ping-Tseng_DigitalTurbine_TaskUITests";
			productReference = EBB09AC72913ED8C00A32275 /* Kai-Ping-Tseng_DigitalTurbine_TaskUITests.xctest */;
			productType = "com.apple.product-type.bundle.ui-testing";
		};
/* End PBXNativeTarget section */

/* Begin PBXProject section */
		EBB09A9A2913ED8B00A32275 /* Project object */ = {
			isa = PBXProject;
			attributes = {
				BuildIndependentTargetsInParallel = 1;
				LastUpgradeCheck = 1320;
				TargetAttributes = {
					EBB09AA12913ED8B00A32275 = {
						CreatedOnToolsVersion = 13.2;
					};
					EBB09ABC2913ED8C00A32275 = {
						CreatedOnToolsVersion = 13.2;
						TestTargetID = EBB09AA12913ED8B00A32275;
					};
					EBB09AC62913ED8C00A32275 = {
						CreatedOnToolsVersion = 13.2;
						TestTargetID = EBB09AA12913ED8B00A32275;
					};
				};
			};
			buildConfigurationList = EBB09A9D2913ED8B00A32275 /* Build configuration list for PBXProject "Kai-Ping-Tseng_DigitalTurbine_Task" */;
			compatibilityVersion = "Xcode 13.0";
			developmentRegion = en;
			hasScannedForEncodings = 0;
			knownRegions = (
				en,
				Base,
			);
			mainGroup = EBB09A992913ED8B00A32275;
			productRefGroup = EBB09AA32913ED8B00A32275 /* Products */;
			projectDirPath = "";
			projectRoot = "";
			targets = (
				EBB09AA12913ED8B00A32275 /* Kai-Ping-Tseng_DigitalTurbine_Task */,
				EBB09ABC2913ED8C00A32275 /* Kai-Ping-Tseng_DigitalTurbine_TaskTests */,
				EBB09AC62913ED8C00A32275 /* Kai-Ping-Tseng_DigitalTurbine_TaskUITests */,
			);
		};
/* End PBXProject section */

/* Begin PBXResourcesBuildPhase section */
		EBB09AA02913ED8B00A32275 /* Resources */ = {
			isa = PBXResourcesBuildPhase;
			buildActionMask = 2147483647;
			files = (
				EBB09AB52913ED8C00A32275 /* LaunchScreen.storyboard in Resources */,
				EBB09AB22913ED8C00A32275 /* Assets.xcassets in Resources */,
			);
			runOnlyForDeploymentPostprocessing = 0;
		};
		EBB09ABB2913ED8C00A32275 /* Resources */ = {
			isa = PBXResourcesBuildPhase;
			buildActionMask = 2147483647;
			files = (
			);
			runOnlyForDeploymentPostprocessing = 0;
		};
		EBB09AC52913ED8C00A32275 /* Resources */ = {
			isa = PBXResourcesBuildPhase;
			buildActionMask = 2147483647;
			files = (
			);
			runOnlyForDeploymentPostprocessing = 0;
		};
/* End PBXResourcesBuildPhase section */

/* Begin PBXSourcesBuildPhase section */
		EBB09A9E2913ED8B00A32275 /* Sources */ = {
			isa = PBXSourcesBuildPhase;
			buildActionMask = 2147483647;
			files = (
				EB0C6009291B105500E2C025 /* AdvertisingInfoHelper.m in Sources */,
				EB0C5FF7291AA27500E2C025 /* OfferTableViewCell.m in Sources */,
				EB0C6011291B30AD00E2C025 /* HTTPClient.m in Sources */,
				EB0C6006291B0CD000E2C025 /* DeviceInfoHelper.m in Sources */,
				EBB09AA72913ED8B00A32275 /* AppDelegate.m in Sources */,
				EBB09AB82913ED8C00A32275 /* main.m in Sources */,
				EB0C5FF4291A9D9A00E2C025 /* ListViewController.m in Sources */,
				EB0C6000291B073900E2C025 /* SHA1Helper.m in Sources */,
				EBB09AAA2913ED8B00A32275 /* SceneDelegate.m in Sources */,
				EB0C5FF0291A974D00E2C025 /* Offer.m in Sources */,
				EB0C6003291B091E00E2C025 /* RemoteFeedLoader.m in Sources */,
				EBB09ADE2914107400A32275 /* MainViewController.m in Sources */,
				EB0C6014291BCCDF00E2C025 /* URLProvider.m in Sources */,
			);
			runOnlyForDeploymentPostprocessing = 0;
		};
		EBB09AB92913ED8C00A32275 /* Sources */ = {
			isa = PBXSourcesBuildPhase;
			buildActionMask = 2147483647;
			files = (
				EBB09AC22913ED8C00A32275 /* Kai_Ping_Tseng_DigitalTurbine_TaskTests.m in Sources */,
				EB0C601A291BD60100E2C025 /* HTTPClientSpy.m in Sources */,
			);
			runOnlyForDeploymentPostprocessing = 0;
		};
		EBB09AC32913ED8C00A32275 /* Sources */ = {
			isa = PBXSourcesBuildPhase;
			buildActionMask = 2147483647;
			files = (
				EBB09ACE2913ED8C00A32275 /* Kai_Ping_Tseng_DigitalTurbine_TaskUITestsLaunchTests.m in Sources */,
				EBB09ACC2913ED8C00A32275 /* Kai_Ping_Tseng_DigitalTurbine_TaskUITests.m in Sources */,
			);
			runOnlyForDeploymentPostprocessing = 0;
		};
/* End PBXSourcesBuildPhase section */

/* Begin PBXTargetDependency section */
		EBB09ABF2913ED8C00A32275 /* PBXTargetDependency */ = {
			isa = PBXTargetDependency;
			target = EBB09AA12913ED8B00A32275 /* Kai-Ping-Tseng_DigitalTurbine_Task */;
			targetProxy = EBB09ABE2913ED8C00A32275 /* PBXContainerItemProxy */;
		};
		EBB09AC92913ED8C00A32275 /* PBXTargetDependency */ = {
			isa = PBXTargetDependency;
			target = EBB09AA12913ED8B00A32275 /* Kai-Ping-Tseng_DigitalTurbine_Task */;
			targetProxy = EBB09AC82913ED8C00A32275 /* PBXContainerItemProxy */;
		};
/* End PBXTargetDependency section */

/* Begin PBXVariantGroup section */
		EBB09AB32913ED8C00A32275 /* LaunchScreen.storyboard */ = {
			isa = PBXVariantGroup;
			children = (
				EBB09AB42913ED8C00A32275 /* Base */,
			);
			name = LaunchScreen.storyboard;
			sourceTree = "<group>";
		};
/* End PBXVariantGroup section */

/* Begin XCBuildConfiguration section */
		EBB09ACF2913ED8C00A32275 /* Debug */ = {
			isa = XCBuildConfiguration;
			buildSettings = {
				ALWAYS_SEARCH_USER_PATHS = NO;
				CLANG_ANALYZER_NONNULL = YES;
				CLANG_ANALYZER_NUMBER_OBJECT_CONVERSION = YES_AGGRESSIVE;
				CLANG_CXX_LANGUAGE_STANDARD = "gnu++17";
				CLANG_CXX_LIBRARY = "libc++";
				CLANG_ENABLE_MODULES = YES;
				CLANG_ENABLE_OBJC_ARC = YES;
				CLANG_ENABLE_OBJC_WEAK = YES;
				CLANG_WARN_BLOCK_CAPTURE_AUTORELEASING = YES;
				CLANG_WARN_BOOL_CONVERSION = YES;
				CLANG_WARN_COMMA = YES;
				CLANG_WARN_CONSTANT_CONVERSION = YES;
				CLANG_WARN_DEPRECATED_OBJC_IMPLEMENTATIONS = YES;
				CLANG_WARN_DIRECT_OBJC_ISA_USAGE = YES_ERROR;
				CLANG_WARN_DOCUMENTATION_COMMENTS = YES;
				CLANG_WARN_EMPTY_BODY = YES;
				CLANG_WARN_ENUM_CONVERSION = YES;
				CLANG_WARN_INFINITE_RECURSION = YES;
				CLANG_WARN_INT_CONVERSION = YES;
				CLANG_WARN_NON_LITERAL_NULL_CONVERSION = YES;
				CLANG_WARN_OBJC_IMPLICIT_RETAIN_SELF = YES;
				CLANG_WARN_OBJC_LITERAL_CONVERSION = YES;
				CLANG_WARN_OBJC_ROOT_CLASS = YES_ERROR;
				CLANG_WARN_QUOTED_INCLUDE_IN_FRAMEWORK_HEADER = YES;
				CLANG_WARN_RANGE_LOOP_ANALYSIS = YES;
				CLANG_WARN_STRICT_PROTOTYPES = YES;
				CLANG_WARN_SUSPICIOUS_MOVE = YES;
				CLANG_WARN_UNGUARDED_AVAILABILITY = YES_AGGRESSIVE;
				CLANG_WARN_UNREACHABLE_CODE = YES;
				CLANG_WARN__DUPLICATE_METHOD_MATCH = YES;
				COPY_PHASE_STRIP = NO;
				DEBUG_INFORMATION_FORMAT = dwarf;
				ENABLE_STRICT_OBJC_MSGSEND = YES;
				ENABLE_TESTABILITY = YES;
				GCC_C_LANGUAGE_STANDARD = gnu11;
				GCC_DYNAMIC_NO_PIC = NO;
				GCC_NO_COMMON_BLOCKS = YES;
				GCC_OPTIMIZATION_LEVEL = 0;
				GCC_PREPROCESSOR_DEFINITIONS = (
					"DEBUG=1",
					"$(inherited)",
				);
				GCC_WARN_64_TO_32_BIT_CONVERSION = YES;
				GCC_WARN_ABOUT_RETURN_TYPE = YES_ERROR;
				GCC_WARN_UNDECLARED_SELECTOR = YES;
				GCC_WARN_UNINITIALIZED_AUTOS = YES_AGGRESSIVE;
				GCC_WARN_UNUSED_FUNCTION = YES;
				GCC_WARN_UNUSED_VARIABLE = YES;
				IPHONEOS_DEPLOYMENT_TARGET = 15.2;
				MTL_ENABLE_DEBUG_INFO = INCLUDE_SOURCE;
				MTL_FAST_MATH = YES;
				ONLY_ACTIVE_ARCH = YES;
				SDKROOT = iphoneos;
			};
			name = Debug;
		};
		EBB09AD02913ED8C00A32275 /* Release */ = {
			isa = XCBuildConfiguration;
			buildSettings = {
				ALWAYS_SEARCH_USER_PATHS = NO;
				CLANG_ANALYZER_NONNULL = YES;
				CLANG_ANALYZER_NUMBER_OBJECT_CONVERSION = YES_AGGRESSIVE;
				CLANG_CXX_LANGUAGE_STANDARD = "gnu++17";
				CLANG_CXX_LIBRARY = "libc++";
				CLANG_ENABLE_MODULES = YES;
				CLANG_ENABLE_OBJC_ARC = YES;
				CLANG_ENABLE_OBJC_WEAK = YES;
				CLANG_WARN_BLOCK_CAPTURE_AUTORELEASING = YES;
				CLANG_WARN_BOOL_CONVERSION = YES;
				CLANG_WARN_COMMA = YES;
				CLANG_WARN_CONSTANT_CONVERSION = YES;
				CLANG_WARN_DEPRECATED_OBJC_IMPLEMENTATIONS = YES;
				CLANG_WARN_DIRECT_OBJC_ISA_USAGE = YES_ERROR;
				CLANG_WARN_DOCUMENTATION_COMMENTS = YES;
				CLANG_WARN_EMPTY_BODY = YES;
				CLANG_WARN_ENUM_CONVERSION = YES;
				CLANG_WARN_INFINITE_RECURSION = YES;
				CLANG_WARN_INT_CONVERSION = YES;
				CLANG_WARN_NON_LITERAL_NULL_CONVERSION = YES;
				CLANG_WARN_OBJC_IMPLICIT_RETAIN_SELF = YES;
				CLANG_WARN_OBJC_LITERAL_CONVERSION = YES;
				CLANG_WARN_OBJC_ROOT_CLASS = YES_ERROR;
				CLANG_WARN_QUOTED_INCLUDE_IN_FRAMEWORK_HEADER = YES;
				CLANG_WARN_RANGE_LOOP_ANALYSIS = YES;
				CLANG_WARN_STRICT_PROTOTYPES = YES;
				CLANG_WARN_SUSPICIOUS_MOVE = YES;
				CLANG_WARN_UNGUARDED_AVAILABILITY = YES_AGGRESSIVE;
				CLANG_WARN_UNREACHABLE_CODE = YES;
				CLANG_WARN__DUPLICATE_METHOD_MATCH = YES;
				COPY_PHASE_STRIP = NO;
				DEBUG_INFORMATION_FORMAT = "dwarf-with-dsym";
				ENABLE_NS_ASSERTIONS = NO;
				ENABLE_STRICT_OBJC_MSGSEND = YES;
				GCC_C_LANGUAGE_STANDARD = gnu11;
				GCC_NO_COMMON_BLOCKS = YES;
				GCC_WARN_64_TO_32_BIT_CONVERSION = YES;
				GCC_WARN_ABOUT_RETURN_TYPE = YES_ERROR;
				GCC_WARN_UNDECLARED_SELECTOR = YES;
				GCC_WARN_UNINITIALIZED_AUTOS = YES_AGGRESSIVE;
				GCC_WARN_UNUSED_FUNCTION = YES;
				GCC_WARN_UNUSED_VARIABLE = YES;
				IPHONEOS_DEPLOYMENT_TARGET = 15.2;
				MTL_ENABLE_DEBUG_INFO = NO;
				MTL_FAST_MATH = YES;
				SDKROOT = iphoneos;
				VALIDATE_PRODUCT = YES;
			};
			name = Release;
		};
		EBB09AD22913ED8C00A32275 /* Debug */ = {
			isa = XCBuildConfiguration;
			buildSettings = {
				ASSETCATALOG_COMPILER_APPICON_NAME = AppIcon;
				ASSETCATALOG_COMPILER_GLOBAL_ACCENT_COLOR_NAME = AccentColor;
				CODE_SIGN_STYLE = Automatic;
				CURRENT_PROJECT_VERSION = 1;
				DEVELOPMENT_TEAM = 78Y9MSJT25;
				GENERATE_INFOPLIST_FILE = YES;
				INFOPLIST_FILE = "Kai-Ping-Tseng_DigitalTurbine_Task/Info.plist";
				INFOPLIST_KEY_CFBundleDisplayName = DTTask;
				INFOPLIST_KEY_NSUserTrackingUsageDescription = "Plz allow it";
				INFOPLIST_KEY_UIApplicationSupportsIndirectInputEvents = YES;
				INFOPLIST_KEY_UILaunchStoryboardName = LaunchScreen;
				INFOPLIST_KEY_UISupportedInterfaceOrientations_iPad = "UIInterfaceOrientationPortrait UIInterfaceOrientationPortraitUpsideDown UIInterfaceOrientationLandscapeLeft UIInterfaceOrientationLandscapeRight";
				INFOPLIST_KEY_UISupportedInterfaceOrientations_iPhone = "UIInterfaceOrientationPortrait UIInterfaceOrientationLandscapeLeft UIInterfaceOrientationLandscapeRight";
				LD_RUNPATH_SEARCH_PATHS = (
					"$(inherited)",
					"@executable_path/Frameworks",
				);
				MARKETING_VERSION = 1.0;
				PRODUCT_BUNDLE_IDENTIFIER = "kpt.Kai-Ping-Tseng-DigitalTurbine-Task";
				PRODUCT_NAME = "$(TARGET_NAME)";
				SWIFT_EMIT_LOC_STRINGS = YES;
				TARGETED_DEVICE_FAMILY = "1,2";
			};
			name = Debug;
		};
		EBB09AD32913ED8C00A32275 /* Release */ = {
			isa = XCBuildConfiguration;
			buildSettings = {
				ASSETCATALOG_COMPILER_APPICON_NAME = AppIcon;
				ASSETCATALOG_COMPILER_GLOBAL_ACCENT_COLOR_NAME = AccentColor;
				CODE_SIGN_STYLE = Automatic;
				CURRENT_PROJECT_VERSION = 1;
				DEVELOPMENT_TEAM = 78Y9MSJT25;
				GENERATE_INFOPLIST_FILE = YES;
				INFOPLIST_FILE = "Kai-Ping-Tseng_DigitalTurbine_Task/Info.plist";
				INFOPLIST_KEY_CFBundleDisplayName = DTTask;
				INFOPLIST_KEY_NSUserTrackingUsageDescription = "Plz allow it";
				INFOPLIST_KEY_UIApplicationSupportsIndirectInputEvents = YES;
				INFOPLIST_KEY_UILaunchStoryboardName = LaunchScreen;
				INFOPLIST_KEY_UISupportedInterfaceOrientations_iPad = "UIInterfaceOrientationPortrait UIInterfaceOrientationPortraitUpsideDown UIInterfaceOrientationLandscapeLeft UIInterfaceOrientationLandscapeRight";
				INFOPLIST_KEY_UISupportedInterfaceOrientations_iPhone = "UIInterfaceOrientationPortrait UIInterfaceOrientationLandscapeLeft UIInterfaceOrientationLandscapeRight";
				LD_RUNPATH_SEARCH_PATHS = (
					"$(inherited)",
					"@executable_path/Frameworks",
				);
				MARKETING_VERSION = 1.0;
				PRODUCT_BUNDLE_IDENTIFIER = "kpt.Kai-Ping-Tseng-DigitalTurbine-Task";
				PRODUCT_NAME = "$(TARGET_NAME)";
				SWIFT_EMIT_LOC_STRINGS = YES;
				TARGETED_DEVICE_FAMILY = "1,2";
			};
			name = Release;
		};
		EBB09AD52913ED8C00A32275 /* Debug */ = {
			isa = XCBuildConfiguration;
			buildSettings = {
				BUNDLE_LOADER = "$(TEST_HOST)";
				CODE_SIGN_STYLE = Automatic;
				CURRENT_PROJECT_VERSION = 1;
				DEVELOPMENT_TEAM = 78Y9MSJT25;
				GENERATE_INFOPLIST_FILE = YES;
				IPHONEOS_DEPLOYMENT_TARGET = 15.2;
				MARKETING_VERSION = 1.0;
				PRODUCT_BUNDLE_IDENTIFIER = "kpt.Kai-Ping-Tseng-DigitalTurbine-TaskTests";
				PRODUCT_NAME = "$(TARGET_NAME)";
				SWIFT_EMIT_LOC_STRINGS = NO;
				TARGETED_DEVICE_FAMILY = "1,2";
				TEST_HOST = "$(BUILT_PRODUCTS_DIR)/Kai-Ping-Tseng_DigitalTurbine_Task.app/Kai-Ping-Tseng_DigitalTurbine_Task";
			};
			name = Debug;
		};
		EBB09AD62913ED8C00A32275 /* Release */ = {
			isa = XCBuildConfiguration;
			buildSettings = {
				BUNDLE_LOADER = "$(TEST_HOST)";
				CODE_SIGN_STYLE = Automatic;
				CURRENT_PROJECT_VERSION = 1;
				DEVELOPMENT_TEAM = 78Y9MSJT25;
				GENERATE_INFOPLIST_FILE = YES;
				IPHONEOS_DEPLOYMENT_TARGET = 15.2;
				MARKETING_VERSION = 1.0;
				PRODUCT_BUNDLE_IDENTIFIER = "kpt.Kai-Ping-Tseng-DigitalTurbine-TaskTests";
				PRODUCT_NAME = "$(TARGET_NAME)";
				SWIFT_EMIT_LOC_STRINGS = NO;
				TARGETED_DEVICE_FAMILY = "1,2";
				TEST_HOST = "$(BUILT_PRODUCTS_DIR)/Kai-Ping-Tseng_DigitalTurbine_Task.app/Kai-Ping-Tseng_DigitalTurbine_Task";
			};
			name = Release;
		};
		EBB09AD82913ED8C00A32275 /* Debug */ = {
			isa = XCBuildConfiguration;
			buildSettings = {
				CODE_SIGN_STYLE = Automatic;
				CURRENT_PROJECT_VERSION = 1;
				DEVELOPMENT_TEAM = 78Y9MSJT25;
				GENERATE_INFOPLIST_FILE = YES;
				MARKETING_VERSION = 1.0;
				PRODUCT_BUNDLE_IDENTIFIER = "kpt.Kai-Ping-Tseng-DigitalTurbine-TaskUITests";
				PRODUCT_NAME = "$(TARGET_NAME)";
				SWIFT_EMIT_LOC_STRINGS = NO;
				TARGETED_DEVICE_FAMILY = "1,2";
				TEST_TARGET_NAME = "Kai-Ping-Tseng_DigitalTurbine_Task";
			};
			name = Debug;
		};
		EBB09AD92913ED8C00A32275 /* Release */ = {
			isa = XCBuildConfiguration;
			buildSettings = {
				CODE_SIGN_STYLE = Automatic;
				CURRENT_PROJECT_VERSION = 1;
				DEVELOPMENT_TEAM = 78Y9MSJT25;
				GENERATE_INFOPLIST_FILE = YES;
				MARKETING_VERSION = 1.0;
				PRODUCT_BUNDLE_IDENTIFIER = "kpt.Kai-Ping-Tseng-DigitalTurbine-TaskUITests";
				PRODUCT_NAME = "$(TARGET_NAME)";
				SWIFT_EMIT_LOC_STRINGS = NO;
				TARGETED_DEVICE_FAMILY = "1,2";
				TEST_TARGET_NAME = "Kai-Ping-Tseng_DigitalTurbine_Task";
			};
			name = Release;
		};
/* End XCBuildConfiguration section */

/* Begin XCConfigurationList section */
		EBB09A9D2913ED8B00A32275 /* Build configuration list for PBXProject "Kai-Ping-Tseng_DigitalTurbine_Task" */ = {
			isa = XCConfigurationList;
			buildConfigurations = (
				EBB09ACF2913ED8C00A32275 /* Debug */,
				EBB09AD02913ED8C00A32275 /* Release */,
			);
			defaultConfigurationIsVisible = 0;
			defaultConfigurationName = Release;
		};
		EBB09AD12913ED8C00A32275 /* Build configuration list for PBXNativeTarget "Kai-Ping-Tseng_DigitalTurbine_Task" */ = {
			isa = XCConfigurationList;
			buildConfigurations = (
				EBB09AD22913ED8C00A32275 /* Debug */,
				EBB09AD32913ED8C00A32275 /* Release */,
			);
			defaultConfigurationIsVisible = 0;
			defaultConfigurationName = Release;
		};
		EBB09AD42913ED8C00A32275 /* Build configuration list for PBXNativeTarget "Kai-Ping-Tseng_DigitalTurbine_TaskTests" */ = {
			isa = XCConfigurationList;
			buildConfigurations = (
				EBB09AD52913ED8C00A32275 /* Debug */,
				EBB09AD62913ED8C00A32275 /* Release */,
			);
			defaultConfigurationIsVisible = 0;
			defaultConfigurationName = Release;
		};
		EBB09AD72913ED8C00A32275 /* Build configuration list for PBXNativeTarget "Kai-Ping-Tseng_DigitalTurbine_TaskUITests" */ = {
			isa = XCConfigurationList;
			buildConfigurations = (
				EBB09AD82913ED8C00A32275 /* Debug */,
				EBB09AD92913ED8C00A32275 /* Release */,
			);
			defaultConfigurationIsVisible = 0;
			defaultConfigurationName = Release;
		};
/* End XCConfigurationList section */
	};
	rootObject = EBB09A9A2913ED8B00A32275 /* Project object */;
}
